
Microsoft Visual Studio Solution File, Format Version 12.00
# Visual Studio Version 17
VisualStudioVersion = 17.14.36401.2
MinimumVisualStudioVersion = 10.0.40219.1
Project("{FAE04EC0-301F-11D3-BF4B-00C04F79EFBC}") = "ArcGISMaui1000PointsSample", "ArcGISMaui1000PointsSample\ArcGISMaui1000PointsSample.csproj", "{B06BC337-E6B6-4F8E-A28D-FB93F8E3DC64}"
EndProject
Global
	GlobalSection(SolutionConfigurationPlatforms) = preSolution
		Debug|Any CPU = Debug|Any CPU
		Debug|x64 = Debug|x64
		Release|Any CPU = Release|Any CPU
		Release|x64 = Release|x64
	EndGlobalSection
	GlobalSection(ProjectConfigurationPlatforms) = postSolution
		{B06BC337-E6B6-4F8E-A28D-FB93F8E3DC64}.Debug|Any CPU.ActiveCfg = Debug|Any CPU
		{B06BC337-E6B6-4F8E-A28D-FB93F8E3DC64}.Debug|Any CPU.Build.0 = Debug|Any CPU
		{B06BC337-E6B6-4F8E-A28D-FB93F8E3DC64}.Debug|Any CPU.Deploy.0 = Debug|Any CPU
		{B06BC337-E6B6-4F8E-A28D-FB93F8E3DC64}.Debug|x64.ActiveCfg = Debug|x64
		{B06BC337-E6B6-4F8E-A28D-FB93F8E3DC64}.Debug|x64.Build.0 = Debug|x64
		{B06BC337-E6B6-4F8E-A28D-FB93F8E3DC64}.Debug|x64.Deploy.0 = Debug|x64
		{B06BC337-E6B6-4F8E-A28D-FB93F8E3DC64}.Release|Any CPU.ActiveCfg = Release|Any CPU
		{B06BC337-E6B6-4F8E-A28D-FB93F8E3DC64}.Release|Any CPU.Build.0 = Release|Any CPU
		{B06BC337-E6B6-4F8E-A28D-FB93F8E3DC64}.Release|Any CPU.Deploy.0 = Release|Any CPU
		{B06BC337-E6B6-4F8E-A28D-FB93F8E3DC64}.Release|x64.ActiveCfg = Release|x64
		{B06BC337-E6B6-4F8E-A28D-FB93F8E3DC64}.Release|x64.Build.0 = Release|x64
		{B06BC337-E6B6-4F8E-A28D-FB93F8E3DC64}.Release|x64.Deploy.0 = Release|x64
	EndGlobalSection
	GlobalSection(SolutionProperties) = preSolution
		HideSolutionNode = FALSE
	EndGlobalSection
	GlobalSection(ExtensibilityGlobals) = postSolution
		SolutionGuid = {6407D6FC-A65E-45BA-BC98-B53B39369489}
	EndGlobalSection
EndGlobal
